
Microsoft Visual Studio Solution File, Format Version 12.00
# Visual Studio 2017
Project("{FAE04EC0-301F-11D3-BF4B-00C04F79EFBC}") = "2017-team1", "2017-team1.csproj", "{D38389B5-9676-FE42-33BE-AC1EA041F31F}"
EndProject
Project("{FAE04EC0-301F-11D3-BF4B-00C04F79EFBC}") = "2017-team1.Editor", "2017-team1.Editor.csproj", "{38AFF30A-2B83-51C2-2184-8AFBBED5FD90}"
EndProject
Global
	GlobalSection(SolutionConfigurationPlatforms) = preSolution
		Debug|Any CPU = Debug|Any CPU
		Release|Any CPU = Release|Any CPU
	EndGlobalSection
	GlobalSection(ProjectConfigurationPlatforms) = postSolution
		{D38389B5-9676-FE42-33BE-AC1EA041F31F}.Debug|Any CPU.ActiveCfg = Debug|Any CPU
		{D38389B5-9676-FE42-33BE-AC1EA041F31F}.Debug|Any CPU.Build.0 = Debug|Any CPU
		{D38389B5-9676-FE42-33BE-AC1EA041F31F}.Release|Any CPU.ActiveCfg = Release|Any CPU
		{D38389B5-9676-FE42-33BE-AC1EA041F31F}.Release|Any CPU.Build.0 = Release|Any CPU
		{38AFF30A-2B83-51C2-2184-8AFBBED5FD90}.Debug|Any CPU.ActiveCfg = Debug|Any CPU
		{38AFF30A-2B83-51C2-2184-8AFBBED5FD90}.Debug|Any CPU.Build.0 = Debug|Any CPU
		{38AFF30A-2B83-51C2-2184-8AFBBED5FD90}.Release|Any CPU.ActiveCfg = Release|Any CPU
		{38AFF30A-2B83-51C2-2184-8AFBBED5FD90}.Release|Any CPU.Build.0 = Release|Any CPU
	EndGlobalSection
	GlobalSection(SolutionProperties) = preSolution
		HideSolutionNode = FALSE
	EndGlobalSection
EndGlobal
