
Microsoft Visual Studio Solution File, Format Version 12.00
# Visual Studio 2017
Project("{FAE04EC0-301F-11D3-BF4B-00C04F79EFBC}") = "Project Arrow", "Project Arrow.csproj", "{DE5AAEED-3516-5E25-CF00-07F6C25305CA}"
EndProject
Global
	GlobalSection(SolutionConfigurationPlatforms) = preSolution
		Debug|Any CPU = Debug|Any CPU
		Release|Any CPU = Release|Any CPU
	EndGlobalSection
	GlobalSection(ProjectConfigurationPlatforms) = postSolution
		{DE5AAEED-3516-5E25-CF00-07F6C25305CA}.Debug|Any CPU.ActiveCfg = Debug|Any CPU
		{DE5AAEED-3516-5E25-CF00-07F6C25305CA}.Debug|Any CPU.Build.0 = Debug|Any CPU
		{DE5AAEED-3516-5E25-CF00-07F6C25305CA}.Release|Any CPU.ActiveCfg = Release|Any CPU
		{DE5AAEED-3516-5E25-CF00-07F6C25305CA}.Release|Any CPU.Build.0 = Release|Any CPU
	EndGlobalSection
	GlobalSection(SolutionProperties) = preSolution
		HideSolutionNode = FALSE
	EndGlobalSection
EndGlobal
